
Microsoft Visual Studio Solution File, Format Version 12.00
# Visual Studio Version 17
VisualStudioVersion = 17.0.31903.59
MinimumVisualStudioVersion = 10.0.40219.1
Project("{2150E333-8FDC-42A3-9474-1A3956D46DE8}") = "src", "src", "{0D7747E7-2D20-485B-B6B3-52D476D3158F}"
EndProject
Project("{FAE04EC0-301F-11D3-BF4B-00C04F79EFBC}") = "Gnap.HttpMessageSignatures", "src\Gnap.HttpMessageSignatures\Gnap.HttpMessageSignatures.csproj", "{007FEB15-DC5E-49CB-A673-9A648BE6CBF5}"
EndProject
Project("{FAE04EC0-301F-11D3-BF4B-00C04F79EFBC}") = "Gnap.HttpMessageSignatures.AspNetCore", "src\Gnap.HttpMessageSignatures.AspNetCore\Gnap.HttpMessageSignatures.AspNetCore.csproj", "{CF4C4745-3708-4F33-9B07-E9BFD350B528}"
EndProject
Project("{2150E333-8FDC-42A3-9474-1A3956D46DE8}") = "tests", "tests", "{4A7FD545-D59F-4C73-972F-140E94849050}"
EndProject
Project("{FAE04EC0-301F-11D3-BF4B-00C04F79EFBC}") = "Gnap.HttpMessageSignatures.Tests", "tests\Gnap.HttpMessageSignatures.Tests\Gnap.HttpMessageSignatures.Tests.csproj", "{FA0E4E3E-2F8E-46CF-A9B4-304F08C5474C}"
EndProject
Project("{2150E333-8FDC-42A3-9474-1A3956D46DE8}") = "examples", "examples", "{CF37510C-630F-4AFC-81CA-39A32190F298}"
EndProject
Project("{FAE04EC0-301F-11D3-BF4B-00C04F79EFBC}") = "HttpSignatures.Demo", "examples\HttpSignatures.Demo\HttpSignatures.Demo.csproj", "{DDBFB149-BD37-4DCF-BED9-49B9C4F5209D}"
EndProject
Project("{FAE04EC0-301F-11D3-BF4B-00C04F79EFBC}") = "VerifyingServer", "examples\VerifyingServer\VerifyingServer.csproj", "{6FC7CC52-731F-47A7-A671-5D23579A6472}"
EndProject
Project("{FAE04EC0-301F-11D3-BF4B-00C04F79EFBC}") = "SigningClient", "examples\SigningClient\SigningClient.csproj", "{FCA0E050-1C3B-4D76-9A69-7202702ABD98}"
EndProject
Project("{FAE04EC0-301F-11D3-BF4B-00C04F79EFBC}") = "Gnap.Core", "src\Gnap.Core\Gnap.Core.csproj", "{5ED0985E-BA71-491B-9DB0-C28DA66C1C1E}"
EndProject
Project("{FAE04EC0-301F-11D3-BF4B-00C04F79EFBC}") = "Gnap.Core.Tests", "tests\Gnap.Core.Tests\Gnap.Core.Tests.csproj", "{C5CFE961-4879-49E3-8310-2EE77CDAA118}"
EndProject
Project("{FAE04EC0-301F-11D3-BF4B-00C04F79EFBC}") = "GnapCore.Demo", "examples\GnapCore.Demo\GnapCore.Demo.csproj", "{83B6CAAE-484D-41F1-A312-35B560BDE1C2}"
EndProject
Project("{FAE04EC0-301F-11D3-BF4B-00C04F79EFBC}") = "Gnap.Core.AotSmoke", "tests\Gnap.Core.AotSmoke\Gnap.Core.AotSmoke.csproj", "{58808193-FCCD-4C02-9AC7-D7E571EA5F3B}"
EndProject
Project("{FAE04EC0-301F-11D3-BF4B-00C04F79EFBC}") = "Gnap.Client", "src\Gnap.Client\Gnap.Client.csproj", "{335235A3-812F-45FB-B048-9FAEA72ED868}"
EndProject
Project("{FAE04EC0-301F-11D3-BF4B-00C04F79EFBC}") = "Gnap.Client.Tests", "tests\Gnap.Client.Tests\Gnap.Client.Tests.csproj", "{A37C39ED-B5E0-4EA5-B79D-985045C0262D}"
EndProject
Project("{FAE04EC0-301F-11D3-BF4B-00C04F79EFBC}") = "Gnap.AspNetCore", "src\Gnap.AspNetCore\Gnap.AspNetCore.csproj", "{88609C12-8E67-4F7C-9367-5529EF4E961F}"
EndProject
Project("{FAE04EC0-301F-11D3-BF4B-00C04F79EFBC}") = "Gnap.AspNetCore.Tests", "tests\Gnap.AspNetCore.Tests\Gnap.AspNetCore.Tests.csproj", "{68AA2D0A-E9E2-4CC9-9A79-0BCAE254FAF5}"
EndProject
Global
	GlobalSection(SolutionConfigurationPlatforms) = preSolution
		Debug|Any CPU = Debug|Any CPU
		Debug|x64 = Debug|x64
		Debug|x86 = Debug|x86
		Release|Any CPU = Release|Any CPU
		Release|x64 = Release|x64
		Release|x86 = Release|x86
	EndGlobalSection
	GlobalSection(ProjectConfigurationPlatforms) = postSolution
		{007FEB15-DC5E-49CB-A673-9A648BE6CBF5}.Debug|Any CPU.ActiveCfg = Debug|Any CPU
		{007FEB15-DC5E-49CB-A673-9A648BE6CBF5}.Debug|Any CPU.Build.0 = Debug|Any CPU
		{007FEB15-DC5E-49CB-A673-9A648BE6CBF5}.Debug|x64.ActiveCfg = Debug|Any CPU
		{007FEB15-DC5E-49CB-A673-9A648BE6CBF5}.Debug|x64.Build.0 = Debug|Any CPU
		{007FEB15-DC5E-49CB-A673-9A648BE6CBF5}.Debug|x86.ActiveCfg = Debug|Any CPU
		{007FEB15-DC5E-49CB-A673-9A648BE6CBF5}.Debug|x86.Build.0 = Debug|Any CPU
		{007FEB15-DC5E-49CB-A673-9A648BE6CBF5}.Release|Any CPU.ActiveCfg = Release|Any CPU
		{007FEB15-DC5E-49CB-A673-9A648BE6CBF5}.Release|Any CPU.Build.0 = Release|Any CPU
		{007FEB15-DC5E-49CB-A673-9A648BE6CBF5}.Release|x64.ActiveCfg = Release|Any CPU
		{007FEB15-DC5E-49CB-A673-9A648BE6CBF5}.Release|x64.Build.0 = Release|Any CPU
		{007FEB15-DC5E-49CB-A673-9A648BE6CBF5}.Release|x86.ActiveCfg = Release|Any CPU
		{007FEB15-DC5E-49CB-A673-9A648BE6CBF5}.Release|x86.Build.0 = Release|Any CPU
		{CF4C4745-3708-4F33-9B07-E9BFD350B528}.Debug|Any CPU.ActiveCfg = Debug|Any CPU
		{CF4C4745-3708-4F33-9B07-E9BFD350B528}.Debug|Any CPU.Build.0 = Debug|Any CPU
		{CF4C4745-3708-4F33-9B07-E9BFD350B528}.Debug|x64.ActiveCfg = Debug|Any CPU
		{CF4C4745-3708-4F33-9B07-E9BFD350B528}.Debug|x64.Build.0 = Debug|Any CPU
		{CF4C4745-3708-4F33-9B07-E9BFD350B528}.Debug|x86.ActiveCfg = Debug|Any CPU
		{CF4C4745-3708-4F33-9B07-E9BFD350B528}.Debug|x86.Build.0 = Debug|Any CPU
		{CF4C4745-3708-4F33-9B07-E9BFD350B528}.Release|Any CPU.ActiveCfg = Release|Any CPU
		{CF4C4745-3708-4F33-9B07-E9BFD350B528}.Release|Any CPU.Build.0 = Release|Any CPU
		{CF4C4745-3708-4F33-9B07-E9BFD350B528}.Release|x64.ActiveCfg = Release|Any CPU
		{CF4C4745-3708-4F33-9B07-E9BFD350B528}.Release|x64.Build.0 = Release|Any CPU
		{CF4C4745-3708-4F33-9B07-E9BFD350B528}.Release|x86.ActiveCfg = Release|Any CPU
		{CF4C4745-3708-4F33-9B07-E9BFD350B528}.Release|x86.Build.0 = Release|Any CPU
		{FA0E4E3E-2F8E-46CF-A9B4-304F08C5474C}.Debug|Any CPU.ActiveCfg = Debug|Any CPU
		{FA0E4E3E-2F8E-46CF-A9B4-304F08C5474C}.Debug|Any CPU.Build.0 = Debug|Any CPU
		{FA0E4E3E-2F8E-46CF-A9B4-304F08C5474C}.Debug|x64.ActiveCfg = Debug|Any CPU
		{FA0E4E3E-2F8E-46CF-A9B4-304F08C5474C}.Debug|x64.Build.0 = Debug|Any CPU
		{FA0E4E3E-2F8E-46CF-A9B4-304F08C5474C}.Debug|x86.ActiveCfg = Debug|Any CPU
		{FA0E4E3E-2F8E-46CF-A9B4-304F08C5474C}.Debug|x86.Build.0 = Debug|Any CPU
		{FA0E4E3E-2F8E-46CF-A9B4-304F08C5474C}.Release|Any CPU.ActiveCfg = Release|Any CPU
		{FA0E4E3E-2F8E-46CF-A9B4-304F08C5474C}.Release|Any CPU.Build.0 = Release|Any CPU
		{FA0E4E3E-2F8E-46CF-A9B4-304F08C5474C}.Release|x64.ActiveCfg = Release|Any CPU
		{FA0E4E3E-2F8E-46CF-A9B4-304F08C5474C}.Release|x64.Build.0 = Release|Any CPU
		{FA0E4E3E-2F8E-46CF-A9B4-304F08C5474C}.Release|x86.ActiveCfg = Release|Any CPU
		{FA0E4E3E-2F8E-46CF-A9B4-304F08C5474C}.Release|x86.Build.0 = Release|Any CPU
		{DDBFB149-BD37-4DCF-BED9-49B9C4F5209D}.Debug|Any CPU.ActiveCfg = Debug|Any CPU
		{DDBFB149-BD37-4DCF-BED9-49B9C4F5209D}.Debug|Any CPU.Build.0 = Debug|Any CPU
		{DDBFB149-BD37-4DCF-BED9-49B9C4F5209D}.Debug|x64.ActiveCfg = Debug|Any CPU
		{DDBFB149-BD37-4DCF-BED9-49B9C4F5209D}.Debug|x64.Build.0 = Debug|Any CPU
		{DDBFB149-BD37-4DCF-BED9-49B9C4F5209D}.Debug|x86.ActiveCfg = Debug|Any CPU
		{DDBFB149-BD37-4DCF-BED9-49B9C4F5209D}.Debug|x86.Build.0 = Debug|Any CPU
		{DDBFB149-BD37-4DCF-BED9-49B9C4F5209D}.Release|Any CPU.ActiveCfg = Release|Any CPU
		{DDBFB149-BD37-4DCF-BED9-49B9C4F5209D}.Release|Any CPU.Build.0 = Release|Any CPU
		{DDBFB149-BD37-4DCF-BED9-49B9C4F5209D}.Release|x64.ActiveCfg = Release|Any CPU
		{DDBFB149-BD37-4DCF-BED9-49B9C4F5209D}.Release|x64.Build.0 = Release|Any CPU
		{DDBFB149-BD37-4DCF-BED9-49B9C4F5209D}.Release|x86.ActiveCfg = Release|Any CPU
		{DDBFB149-BD37-4DCF-BED9-49B9C4F5209D}.Release|x86.Build.0 = Release|Any CPU
		{6FC7CC52-731F-47A7-A671-5D23579A6472}.Debug|Any CPU.ActiveCfg = Debug|Any CPU
		{6FC7CC52-731F-47A7-A671-5D23579A6472}.Debug|Any CPU.Build.0 = Debug|Any CPU
		{6FC7CC52-731F-47A7-A671-5D23579A6472}.Debug|x64.ActiveCfg = Debug|Any CPU
		{6FC7CC52-731F-47A7-A671-5D23579A6472}.Debug|x64.Build.0 = Debug|Any CPU
		{6FC7CC52-731F-47A7-A671-5D23579A6472}.Debug|x86.ActiveCfg = Debug|Any CPU
		{6FC7CC52-731F-47A7-A671-5D23579A6472}.Debug|x86.Build.0 = Debug|Any CPU
		{6FC7CC52-731F-47A7-A671-5D23579A6472}.Release|Any CPU.ActiveCfg = Release|Any CPU
		{6FC7CC52-731F-47A7-A671-5D23579A6472}.Release|Any CPU.Build.0 = Release|Any CPU
		{6FC7CC52-731F-47A7-A671-5D23579A6472}.Release|x64.ActiveCfg = Release|Any CPU
		{6FC7CC52-731F-47A7-A671-5D23579A6472}.Release|x64.Build.0 = Release|Any CPU
		{6FC7CC52-731F-47A7-A671-5D23579A6472}.Release|x86.ActiveCfg = Release|Any CPU
		{6FC7CC52-731F-47A7-A671-5D23579A6472}.Release|x86.Build.0 = Release|Any CPU
		{FCA0E050-1C3B-4D76-9A69-7202702ABD98}.Debug|Any CPU.ActiveCfg = Debug|Any CPU
		{FCA0E050-1C3B-4D76-9A69-7202702ABD98}.Debug|Any CPU.Build.0 = Debug|Any CPU
		{FCA0E050-1C3B-4D76-9A69-7202702ABD98}.Debug|x64.ActiveCfg = Debug|Any CPU
		{FCA0E050-1C3B-4D76-9A69-7202702ABD98}.Debug|x64.Build.0 = Debug|Any CPU
		{FCA0E050-1C3B-4D76-9A69-7202702ABD98}.Debug|x86.ActiveCfg = Debug|Any CPU
		{FCA0E050-1C3B-4D76-9A69-7202702ABD98}.Debug|x86.Build.0 = Debug|Any CPU
		{FCA0E050-1C3B-4D76-9A69-7202702ABD98}.Release|Any CPU.ActiveCfg = Release|Any CPU
		{FCA0E050-1C3B-4D76-9A69-7202702ABD98}.Release|Any CPU.Build.0 = Release|Any CPU
		{FCA0E050-1C3B-4D76-9A69-7202702ABD98}.Release|x64.ActiveCfg = Release|Any CPU
		{FCA0E050-1C3B-4D76-9A69-7202702ABD98}.Release|x64.Build.0 = Release|Any CPU
		{FCA0E050-1C3B-4D76-9A69-7202702ABD98}.Release|x86.ActiveCfg = Release|Any CPU
		{FCA0E050-1C3B-4D76-9A69-7202702ABD98}.Release|x86.Build.0 = Release|Any CPU
		{5ED0985E-BA71-491B-9DB0-C28DA66C1C1E}.Debug|Any CPU.ActiveCfg = Debug|Any CPU
		{5ED0985E-BA71-491B-9DB0-C28DA66C1C1E}.Debug|Any CPU.Build.0 = Debug|Any CPU
		{5ED0985E-BA71-491B-9DB0-C28DA66C1C1E}.Debug|x64.ActiveCfg = Debug|Any CPU
		{5ED0985E-BA71-491B-9DB0-C28DA66C1C1E}.Debug|x64.Build.0 = Debug|Any CPU
		{5ED0985E-BA71-491B-9DB0-C28DA66C1C1E}.Debug|x86.ActiveCfg = Debug|Any CPU
		{5ED0985E-BA71-491B-9DB0-C28DA66C1C1E}.Debug|x86.Build.0 = Debug|Any CPU
		{5ED0985E-BA71-491B-9DB0-C28DA66C1C1E}.Release|Any CPU.ActiveCfg = Release|Any CPU
		{5ED0985E-BA71-491B-9DB0-C28DA66C1C1E}.Release|Any CPU.Build.0 = Release|Any CPU
		{5ED0985E-BA71-491B-9DB0-C28DA66C1C1E}.Release|x64.ActiveCfg = Release|Any CPU
		{5ED0985E-BA71-491B-9DB0-C28DA66C1C1E}.Release|x64.Build.0 = Release|Any CPU
		{5ED0985E-BA71-491B-9DB0-C28DA66C1C1E}.Release|x86.ActiveCfg = Release|Any CPU
		{5ED0985E-BA71-491B-9DB0-C28DA66C1C1E}.Release|x86.Build.0 = Release|Any CPU
		{C5CFE961-4879-49E3-8310-2EE77CDAA118}.Debug|Any CPU.ActiveCfg = Debug|Any CPU
		{C5CFE961-4879-49E3-8310-2EE77CDAA118}.Debug|Any CPU.Build.0 = Debug|Any CPU
		{C5CFE961-4879-49E3-8310-2EE77CDAA118}.Debug|x64.ActiveCfg = Debug|Any CPU
		{C5CFE961-4879-49E3-8310-2EE77CDAA118}.Debug|x64.Build.0 = Debug|Any CPU
		{C5CFE961-4879-49E3-8310-2EE77CDAA118}.Debug|x86.ActiveCfg = Debug|Any CPU
		{C5CFE961-4879-49E3-8310-2EE77CDAA118}.Debug|x86.Build.0 = Debug|Any CPU
		{C5CFE961-4879-49E3-8310-2EE77CDAA118}.Release|Any CPU.ActiveCfg = Release|Any CPU
		{C5CFE961-4879-49E3-8310-2EE77CDAA118}.Release|Any CPU.Build.0 = Release|Any CPU
		{C5CFE961-4879-49E3-8310-2EE77CDAA118}.Release|x64.ActiveCfg = Release|Any CPU
		{C5CFE961-4879-49E3-8310-2EE77CDAA118}.Release|x64.Build.0 = Release|Any CPU
		{C5CFE961-4879-49E3-8310-2EE77CDAA118}.Release|x86.ActiveCfg = Release|Any CPU
		{C5CFE961-4879-49E3-8310-2EE77CDAA118}.Release|x86.Build.0 = Release|Any CPU
		{83B6CAAE-484D-41F1-A312-35B560BDE1C2}.Debug|Any CPU.ActiveCfg = Debug|Any CPU
		{83B6CAAE-484D-41F1-A312-35B560BDE1C2}.Debug|Any CPU.Build.0 = Debug|Any CPU
		{83B6CAAE-484D-41F1-A312-35B560BDE1C2}.Debug|x64.ActiveCfg = Debug|Any CPU
		{83B6CAAE-484D-41F1-A312-35B560BDE1C2}.Debug|x64.Build.0 = Debug|Any CPU
		{83B6CAAE-484D-41F1-A312-35B560BDE1C2}.Debug|x86.ActiveCfg = Debug|Any CPU
		{83B6CAAE-484D-41F1-A312-35B560BDE1C2}.Debug|x86.Build.0 = Debug|Any CPU
		{83B6CAAE-484D-41F1-A312-35B560BDE1C2}.Release|Any CPU.ActiveCfg = Release|Any CPU
		{83B6CAAE-484D-41F1-A312-35B560BDE1C2}.Release|Any CPU.Build.0 = Release|Any CPU
		{83B6CAAE-484D-41F1-A312-35B560BDE1C2}.Release|x64.ActiveCfg = Release|Any CPU
		{83B6CAAE-484D-41F1-A312-35B560BDE1C2}.Release|x64.Build.0 = Release|Any CPU
		{83B6CAAE-484D-41F1-A312-35B560BDE1C2}.Release|x86.ActiveCfg = Release|Any CPU
		{83B6CAAE-484D-41F1-A312-35B560BDE1C2}.Release|x86.Build.0 = Release|Any CPU
		{58808193-FCCD-4C02-9AC7-D7E571EA5F3B}.Debug|Any CPU.ActiveCfg = Debug|Any CPU
		{58808193-FCCD-4C02-9AC7-D7E571EA5F3B}.Debug|Any CPU.Build.0 = Debug|Any CPU
		{58808193-FCCD-4C02-9AC7-D7E571EA5F3B}.Debug|x64.ActiveCfg = Debug|Any CPU
		{58808193-FCCD-4C02-9AC7-D7E571EA5F3B}.Debug|x64.Build.0 = Debug|Any CPU
		{58808193-FCCD-4C02-9AC7-D7E571EA5F3B}.Debug|x86.ActiveCfg = Debug|Any CPU
		{58808193-FCCD-4C02-9AC7-D7E571EA5F3B}.Debug|x86.Build.0 = Debug|Any CPU
		{58808193-FCCD-4C02-9AC7-D7E571EA5F3B}.Release|Any CPU.ActiveCfg = Release|Any CPU
		{58808193-FCCD-4C02-9AC7-D7E571EA5F3B}.Release|Any CPU.Build.0 = Release|Any CPU
		{58808193-FCCD-4C02-9AC7-D7E571EA5F3B}.Release|x64.ActiveCfg = Release|Any CPU
		{58808193-FCCD-4C02-9AC7-D7E571EA5F3B}.Release|x64.Build.0 = Release|Any CPU
		{58808193-FCCD-4C02-9AC7-D7E571EA5F3B}.Release|x86.ActiveCfg = Release|Any CPU
		{58808193-FCCD-4C02-9AC7-D7E571EA5F3B}.Release|x86.Build.0 = Release|Any CPU
		{335235A3-812F-45FB-B048-9FAEA72ED868}.Debug|Any CPU.ActiveCfg = Debug|Any CPU
		{335235A3-812F-45FB-B048-9FAEA72ED868}.Debug|Any CPU.Build.0 = Debug|Any CPU
		{335235A3-812F-45FB-B048-9FAEA72ED868}.Debug|x64.ActiveCfg = Debug|Any CPU
		{335235A3-812F-45FB-B048-9FAEA72ED868}.Debug|x64.Build.0 = Debug|Any CPU
		{335235A3-812F-45FB-B048-9FAEA72ED868}.Debug|x86.ActiveCfg = Debug|Any CPU
		{335235A3-812F-45FB-B048-9FAEA72ED868}.Debug|x86.Build.0 = Debug|Any CPU
		{335235A3-812F-45FB-B048-9FAEA72ED868}.Release|Any CPU.ActiveCfg = Release|Any CPU
		{335235A3-812F-45FB-B048-9FAEA72ED868}.Release|Any CPU.Build.0 = Release|Any CPU
		{335235A3-812F-45FB-B048-9FAEA72ED868}.Release|x64.ActiveCfg = Release|Any CPU
		{335235A3-812F-45FB-B048-9FAEA72ED868}.Release|x64.Build.0 = Release|Any CPU
		{335235A3-812F-45FB-B048-9FAEA72ED868}.Release|x86.ActiveCfg = Release|Any CPU
		{335235A3-812F-45FB-B048-9FAEA72ED868}.Release|x86.Build.0 = Release|Any CPU
		{A37C39ED-B5E0-4EA5-B79D-985045C0262D}.Debug|Any CPU.ActiveCfg = Debug|Any CPU
		{A37C39ED-B5E0-4EA5-B79D-985045C0262D}.Debug|Any CPU.Build.0 = Debug|Any CPU
		{A37C39ED-B5E0-4EA5-B79D-985045C0262D}.Debug|x64.ActiveCfg = Debug|Any CPU
		{A37C39ED-B5E0-4EA5-B79D-985045C0262D}.Debug|x64.Build.0 = Debug|Any CPU
		{A37C39ED-B5E0-4EA5-B79D-985045C0262D}.Debug|x86.ActiveCfg = Debug|Any CPU
		{A37C39ED-B5E0-4EA5-B79D-985045C0262D}.Debug|x86.Build.0 = Debug|Any CPU
		{A37C39ED-B5E0-4EA5-B79D-985045C0262D}.Release|Any CPU.ActiveCfg = Release|Any CPU
		{A37C39ED-B5E0-4EA5-B79D-985045C0262D}.Release|Any CPU.Build.0 = Release|Any CPU
		{A37C39ED-B5E0-4EA5-B79D-985045C0262D}.Release|x64.ActiveCfg = Release|Any CPU
		{A37C39ED-B5E0-4EA5-B79D-985045C0262D}.Release|x64.Build.0 = Release|Any CPU
		{A37C39ED-B5E0-4EA5-B79D-985045C0262D}.Release|x86.ActiveCfg = Release|Any CPU
		{A37C39ED-B5E0-4EA5-B79D-985045C0262D}.Release|x86.Build.0 = Release|Any CPU
		{88609C12-8E67-4F7C-9367-5529EF4E961F}.Debug|Any CPU.ActiveCfg = Debug|Any CPU
		{88609C12-8E67-4F7C-9367-5529EF4E961F}.Debug|Any CPU.Build.0 = Debug|Any CPU
		{88609C12-8E67-4F7C-9367-5529EF4E961F}.Debug|x64.ActiveCfg = Debug|Any CPU
		{88609C12-8E67-4F7C-9367-5529EF4E961F}.Debug|x64.Build.0 = Debug|Any CPU
		{88609C12-8E67-4F7C-9367-5529EF4E961F}.Debug|x86.ActiveCfg = Debug|Any CPU
		{88609C12-8E67-4F7C-9367-5529EF4E961F}.Debug|x86.Build.0 = Debug|Any CPU
		{88609C12-8E67-4F7C-9367-5529EF4E961F}.Release|Any CPU.ActiveCfg = Release|Any CPU
		{88609C12-8E67-4F7C-9367-5529EF4E961F}.Release|Any CPU.Build.0 = Release|Any CPU
		{88609C12-8E67-4F7C-9367-5529EF4E961F}.Release|x64.ActiveCfg = Release|Any CPU
		{88609C12-8E67-4F7C-9367-5529EF4E961F}.Release|x64.Build.0 = Release|Any CPU
		{88609C12-8E67-4F7C-9367-5529EF4E961F}.Release|x86.ActiveCfg = Release|Any CPU
		{88609C12-8E67-4F7C-9367-5529EF4E961F}.Release|x86.Build.0 = Release|Any CPU
		{68AA2D0A-E9E2-4CC9-9A79-0BCAE254FAF5}.Debug|Any CPU.ActiveCfg = Debug|Any CPU
		{68AA2D0A-E9E2-4CC9-9A79-0BCAE254FAF5}.Debug|Any CPU.Build.0 = Debug|Any CPU
		{68AA2D0A-E9E2-4CC9-9A79-0BCAE254FAF5}.Debug|x64.ActiveCfg = Debug|Any CPU
		{68AA2D0A-E9E2-4CC9-9A79-0BCAE254FAF5}.Debug|x64.Build.0 = Debug|Any CPU
		{68AA2D0A-E9E2-4CC9-9A79-0BCAE254FAF5}.Debug|x86.ActiveCfg = Debug|Any CPU
		{68AA2D0A-E9E2-4CC9-9A79-0BCAE254FAF5}.Debug|x86.Build.0 = Debug|Any CPU
		{68AA2D0A-E9E2-4CC9-9A79-0BCAE254FAF5}.Release|Any CPU.ActiveCfg = Release|Any CPU
		{68AA2D0A-E9E2-4CC9-9A79-0BCAE254FAF5}.Release|Any CPU.Build.0 = Release|Any CPU
		{68AA2D0A-E9E2-4CC9-9A79-0BCAE254FAF5}.Release|x64.ActiveCfg = Release|Any CPU
		{68AA2D0A-E9E2-4CC9-9A79-0BCAE254FAF5}.Release|x64.Build.0 = Release|Any CPU
		{68AA2D0A-E9E2-4CC9-9A79-0BCAE254FAF5}.Release|x86.ActiveCfg = Release|Any CPU
		{68AA2D0A-E9E2-4CC9-9A79-0BCAE254FAF5}.Release|x86.Build.0 = Release|Any CPU
	EndGlobalSection
	GlobalSection(SolutionProperties) = preSolution
		HideSolutionNode = FALSE
	EndGlobalSection
	GlobalSection(NestedProjects) = preSolution
		{007FEB15-DC5E-49CB-A673-9A648BE6CBF5} = {0D7747E7-2D20-485B-B6B3-52D476D3158F}
		{CF4C4745-3708-4F33-9B07-E9BFD350B528} = {0D7747E7-2D20-485B-B6B3-52D476D3158F}
		{FA0E4E3E-2F8E-46CF-A9B4-304F08C5474C} = {4A7FD545-D59F-4C73-972F-140E94849050}
		{DDBFB149-BD37-4DCF-BED9-49B9C4F5209D} = {CF37510C-630F-4AFC-81CA-39A32190F298}
		{6FC7CC52-731F-47A7-A671-5D23579A6472} = {CF37510C-630F-4AFC-81CA-39A32190F298}
		{FCA0E050-1C3B-4D76-9A69-7202702ABD98} = {CF37510C-630F-4AFC-81CA-39A32190F298}
		{5ED0985E-BA71-491B-9DB0-C28DA66C1C1E} = {0D7747E7-2D20-485B-B6B3-52D476D3158F}
		{C5CFE961-4879-49E3-8310-2EE77CDAA118} = {4A7FD545-D59F-4C73-972F-140E94849050}
		{83B6CAAE-484D-41F1-A312-35B560BDE1C2} = {CF37510C-630F-4AFC-81CA-39A32190F298}
		{58808193-FCCD-4C02-9AC7-D7E571EA5F3B} = {4A7FD545-D59F-4C73-972F-140E94849050}
		{335235A3-812F-45FB-B048-9FAEA72ED868} = {0D7747E7-2D20-485B-B6B3-52D476D3158F}
		{A37C39ED-B5E0-4EA5-B79D-985045C0262D} = {4A7FD545-D59F-4C73-972F-140E94849050}
		{88609C12-8E67-4F7C-9367-5529EF4E961F} = {0D7747E7-2D20-485B-B6B3-52D476D3158F}
		{68AA2D0A-E9E2-4CC9-9A79-0BCAE254FAF5} = {4A7FD545-D59F-4C73-972F-140E94849050}
	EndGlobalSection
EndGlobal
