{
  "name": "gnap-net-interop-signatures",
  "lockfileVersion": 3,
  "requires": true,
  "packages": {
    "": {
      "name": "gnap-net-interop-signatures",
      "dependencies": {
        "@interledger/http-signature-utils": "2.0.3",
        "http-message-signatures": "1.0.6"
      }
    },
    "node_modules/@interledger/http-signature-utils": {
      "version": "2.0.3",
      "resolved": "https://registry.npmjs.org/@interledger/http-signature-utils/-/http-signature-utils-2.0.3.tgz",
      "integrity": "sha512-/vn6+FxZ3g1A5ZC3vOVivjFns5A6F4lhEmdAGg3W9mD2uADXI575rIBcMdqI3wTOJo7qOXRutPXOG/jXONFs/Q==",
      "dependencies": {
        "http-message-signatures": "^1.0.4",
        "httpbis-digest-headers": "^1.0.0",
        "jose": "^4.13.1",
        "uuid": "^9.0.0"
      }
    },
    "node_modules/http-message-signatures": {
      "version": "1.0.6",
      "resolved": "https://registry.npmjs.org/http-message-signatures/-/http-message-signatures-1.0.6.tgz",
      "integrity": "sha512-mGaW/gs0WyP1X4wcc0iHguoDuv/LGyGLbvn8NWgbSdR+opFXKncrNiwQO8bN5rZ5j0z9HrwrRj33CzIK5dhGXA==",
      "license": "ISC",
      "dependencies": {
        "structured-headers": "^2.0.2"
      }
    },
    "node_modules/httpbis-digest-headers": {
      "version": "1.0.0",
      "resolved": "https://registry.npmjs.org/httpbis-digest-headers/-/httpbis-digest-headers-1.0.0.tgz",
      "integrity": "sha512-RpaFuZD3tG8wtsvjDv1u7O8wAvfpAxS20F3CrFPZOMn+IBb7E7yiqlN5Tks4E5tBEnTdpMOD151rJsUv03sAIg==",
      "license": "MIT",
      "dependencies": {
        "structured-headers": "^0.5.0"
      }
    },
    "node_modules/httpbis-digest-headers/node_modules/structured-headers": {
      "version": "0.5.0",
      "resolved": "https://registry.npmjs.org/structured-headers/-/structured-headers-0.5.0.tgz",
      "integrity": "sha512-oLnmXSsjhud+LxRJpvokwP8ImEB2wTg8sg30buwfVViKMuluTv3BlOJHUX9VW9pJ2nQOxmx87Z0kB86O4cphag==",
      "license": "MIT"
    },
    "node_modules/jose": {
      "version": "4.15.9",
      "resolved": "https://registry.npmjs.org/jose/-/jose-4.15.9.tgz",
      "integrity": "sha512-1vUQX+IdDMVPj4k8kOxgUqlcK518yluMuGZwqlr44FS1ppZB/5GWh4rZG89erpOBOJjU/OBsnCVFfapsRz6nEA==",
      "license": "MIT",
      "funding": {
        "url": "https://github.com/sponsors/panva"
      }
    },
    "node_modules/structured-headers": {
      "version": "2.1.0",
      "resolved": "https://registry.npmjs.org/structured-headers/-/structured-headers-2.1.0.tgz",
      "integrity": "sha512-ClzykN+XQVaSW5UfpOdEWfDplZ1Th7mISdaFvaC2+GjLTeBhGMJw83D/Rw9jPkHOml4oYd3EXaZhbz3gnE5nBQ==",
      "license": "MIT",
      "engines": {
        "node": ">=18",
        "npm": ">=6"
      }
    },
    "node_modules/uuid": {
      "version": "9.0.1",
      "resolved": "https://registry.npmjs.org/uuid/-/uuid-9.0.1.tgz",
      "integrity": "sha512-b+1eJOlsR9K8HJpow9Ok3fiWOWSIcIzXodvv0rQjVoOVNpWMpxf1wZNpt4y9h10odCNrqnYp1OBzRktckBe3sA==",
      "deprecated": "uuid@10 and below is no longer supported.  For ESM codebases, update to uuid@latest.  For CommonJS codebases, use uuid@11 (but be aware this version will likely be deprecated in 2028).",
      "funding": [
        "https://github.com/sponsors/broofa",
        "https://github.com/sponsors/ctavan"
      ],
      "license": "MIT",
      "bin": {
        "uuid": "dist/bin/uuid"
      }
    }
  }
}
